
Microsoft Visual Studio Solution File, Format Version 12.00
# Visual Studio Version 16
VisualStudioVersion = 16.0.31205.134
MinimumVisualStudioVersion = 10.0.40219.1
Project("{9A19103F-16F7-4668-BE54-9A1E7A4F7556}") = "WebApplicationIdentity", "WebApplicationIdentity\WebApplicationIdentity.csproj", "{74A93217-C426-478E-B0EB-B31FA3A74EEC}"
EndProject
Project("{FAE04EC0-301F-11D3-BF4B-00C04F79EFBC}") = "Repository", "Repository\Repository.csproj", "{425F58B1-CC06-4E03-B816-6A6E44AEB106}"
EndProject
Project("{FAE04EC0-301F-11D3-BF4B-00C04F79EFBC}") = "Entity", "Entity\Entity.csproj", "{5F80F968-F33D-42AC-9F12-C6056045F07B}"
EndProject
Global
	GlobalSection(SolutionConfigurationPlatforms) = preSolution
		Debug|Any CPU = Debug|Any CPU
		Release|Any CPU = Release|Any CPU
	EndGlobalSection
	GlobalSection(ProjectConfigurationPlatforms) = postSolution
		{74A93217-C426-478E-B0EB-B31FA3A74EEC}.Debug|Any CPU.ActiveCfg = Debug|Any CPU
		{74A93217-C426-478E-B0EB-B31FA3A74EEC}.Debug|Any CPU.Build.0 = Debug|Any CPU
		{74A93217-C426-478E-B0EB-B31FA3A74EEC}.Release|Any CPU.ActiveCfg = Release|Any CPU
		{74A93217-C426-478E-B0EB-B31FA3A74EEC}.Release|Any CPU.Build.0 = Release|Any CPU
		{425F58B1-CC06-4E03-B816-6A6E44AEB106}.Debug|Any CPU.ActiveCfg = Debug|Any CPU
		{425F58B1-CC06-4E03-B816-6A6E44AEB106}.Debug|Any CPU.Build.0 = Debug|Any CPU
		{425F58B1-CC06-4E03-B816-6A6E44AEB106}.Release|Any CPU.ActiveCfg = Release|Any CPU
		{425F58B1-CC06-4E03-B816-6A6E44AEB106}.Release|Any CPU.Build.0 = Release|Any CPU
		{5F80F968-F33D-42AC-9F12-C6056045F07B}.Debug|Any CPU.ActiveCfg = Debug|Any CPU
		{5F80F968-F33D-42AC-9F12-C6056045F07B}.Debug|Any CPU.Build.0 = Debug|Any CPU
		{5F80F968-F33D-42AC-9F12-C6056045F07B}.Release|Any CPU.ActiveCfg = Release|Any CPU
		{5F80F968-F33D-42AC-9F12-C6056045F07B}.Release|Any CPU.Build.0 = Release|Any CPU
	EndGlobalSection
	GlobalSection(SolutionProperties) = preSolution
		HideSolutionNode = FALSE
	EndGlobalSection
	GlobalSection(ExtensibilityGlobals) = postSolution
		SolutionGuid = {DD35A609-296B-467A-B48A-6DF38D431D04}
	EndGlobalSection
EndGlobal
